
Microsoft Visual Studio Solution File, Format Version 12.00
# Visual Studio Version 16
VisualStudioVersion = 16.0.30114.105
MinimumVisualStudioVersion = 10.0.40219.1
Project("{FAE04EC0-301F-11D3-BF4B-00C04F79EFBC}") = "ExamenBanTrab", "ExamenBanTrab.csproj", "{D100D567-63D6-4B76-B463-47BE3B8824B9}"
EndProject
Global
	GlobalSection(SolutionConfigurationPlatforms) = preSolution
		Debug|Any CPU = Debug|Any CPU
		Release|Any CPU = Release|Any CPU
	EndGlobalSection
	GlobalSection(ProjectConfigurationPlatforms) = postSolution
		{D100D567-63D6-4B76-B463-47BE3B8824B9}.Debug|Any CPU.ActiveCfg = Debug|Any CPU
		{D100D567-63D6-4B76-B463-47BE3B8824B9}.Debug|Any CPU.Build.0 = Debug|Any CPU
		{D100D567-63D6-4B76-B463-47BE3B8824B9}.Release|Any CPU.ActiveCfg = Release|Any CPU
		{D100D567-63D6-4B76-B463-47BE3B8824B9}.Release|Any CPU.Build.0 = Release|Any CPU
	EndGlobalSection
	GlobalSection(SolutionProperties) = preSolution
		HideSolutionNode = FALSE
	EndGlobalSection
	GlobalSection(ExtensibilityGlobals) = postSolution
		SolutionGuid = {65BCB840-CCFD-44D9-A2E7-061E98EAE5DC}
	EndGlobalSection
EndGlobal
